// !$*UTF8*$!
{
	archiveVersion = 1;
	classes = {
	};
	objectVersion = 50;
	objects = {

/* Begin PBXBuildFile section */
		E1752FC5213A3057000DFE19 /* AppDelegate.m in Sources */ = {isa = PBXBuildFile; fileRef = E1752FC4213A3057000DFE19 /* AppDelegate.m */; };
		E1752FC8213A3057000DFE19 /* MainViewController.m in Sources */ = {isa = PBXBuildFile; fileRef = E1752FC7213A3057000DFE19 /* MainViewController.m */; };
		E1752FCB213A3057000DFE19 /* FRD3DBarChartViewController.m in Sources */ = {isa = PBXBuildFile; fileRef = E1752FCA213A3057000DFE19 /* FRD3DBarChartViewController.m */; };
		E1752FCE213A3057000DFE19 /* Main.storyboard in Resources */ = {isa = PBXBuildFile; fileRef = E1752FCC213A3057000DFE19 /* Main.storyboard */; };
		E1752FD0213A3057000DFE19 /* Assets.xcassets in Resources */ = {isa = PBXBuildFile; fileRef = E1752FCF213A3057000DFE19 /* Assets.xcassets */; };
		E1752FD3213A3057000DFE19 /* LaunchScreen.storyboard in Resources */ = {isa = PBXBuildFile; fileRef = E1752FD1213A3057000DFE19 /* LaunchScreen.storyboard */; };
		E1752FD6213A3057000DFE19 /* main.m in Sources */ = {isa = PBXBuildFile; fileRef = E1752FD5213A3057000DFE19 /* main.m */; };
		E1A9F38F213CC83B002A1A1F /* InfoViewController.m in Sources */ = {isa = PBXBuildFile; fileRef = E1A9F38E213CC83B002A1A1F /* InfoViewController.m */; };
		E1FFBCB8213A3B2300267FAA /* Example3.m in Sources */ = {isa = PBXBuildFile; fileRef = E1FFBCA9213A3B2200267FAA /* Example3.m */; };
		E1FFBCB9213A3B2300267FAA /* Example1.m in Sources */ = {isa = PBXBuildFile; fileRef = E1FFBCAB213A3B2200267FAA /* Example1.m */; };
		E1FFBCBA213A3B2300267FAA /* ClickThroughRatesViewController.m in Sources */ = {isa = PBXBuildFile; fileRef = E1FFBCAC213A3B2300267FAA /* ClickThroughRatesViewController.m */; };
		E1FFBCBB213A3B2300267FAA /* GraphCalcViewController.m in Sources */ = {isa = PBXBuildFile; fileRef = E1FFBCAD213A3B2300267FAA /* GraphCalcViewController.m */; };
		E1FFBCBC213A3B2300267FAA /* Example2.m in Sources */ = {isa = PBXBuildFile; fileRef = E1FFBCAF213A3B2300267FAA /* Example2.m */; };
		E1FFBCBD213A3B2300267FAA /* Example4.m in Sources */ = {isa = PBXBuildFile; fileRef = E1FFBCB3213A3B2300267FAA /* Example4.m */; };
		E1FFBCBE213A3B2300267FAA /* FRD3DBarChartViewController+Easing.m in Sources */ = {isa = PBXBuildFile; fileRef = E1FFBCB7213A3B2300267FAA /* FRD3DBarChartViewController+Easing.m */; };
		E1FFBCC2213A3C1300267FAA /* Default-568h@2x.png in Resources */ = {isa = PBXBuildFile; fileRef = E1FFBCC1213A3C1300267FAA /* Default-568h@2x.png */; };
/* End PBXBuildFile section */

/* Begin PBXFileReference section */
		E1752FC0213A3056000DFE19 /* FRD3DBarChart.app */ = {isa = PBXFileReference; explicitFileType = wrapper.application; includeInIndex = 0; path = FRD3DBarChart.app; sourceTree = BUILT_PRODUCTS_DIR; };
		E1752FC3213A3056000DFE19 /* AppDelegate.h */ = {isa = PBXFileReference; lastKnownFileType = sourcecode.c.h; path = AppDelegate.h; sourceTree = "<group>"; };
		E1752FC4213A3057000DFE19 /* AppDelegate.m */ = {isa = PBXFileReference; lastKnownFileType = sourcecode.c.objc; path = AppDelegate.m; sourceTree = "<group>"; };
		E1752FC6213A3057000DFE19 /* MainViewController.h */ = {isa = PBXFileReference; lastKnownFileType = sourcecode.c.h; path = MainViewController.h; sourceTree = "<group>"; };
		E1752FC7213A3057000DFE19 /* MainViewController.m */ = {isa = PBXFileReference; lastKnownFileType = sourcecode.c.objc; path = MainViewController.m; sourceTree = "<group>"; };
		E1752FC9213A3057000DFE19 /* FRD3DBarChartViewController.h */ = {isa = PBXFileReference; lastKnownFileType = sourcecode.c.h; path = FRD3DBarChartViewController.h; sourceTree = "<group>"; };
		E1752FCA213A3057000DFE19 /* FRD3DBarChartViewController.m */ = {isa = PBXFileReference; lastKnownFileType = sourcecode.c.objc; path = FRD3DBarChartViewController.m; sourceTree = "<group>"; };
		E1752FCD213A3057000DFE19 /* Base */ = {isa = PBXFileReference; lastKnownFileType = file.storyboard; name = Base; path = Base.lproj/Main.storyboard; sourceTree = "<group>"; };
		E1752FCF213A3057000DFE19 /* Assets.xcassets */ = {isa = PBXFileReference; lastKnownFileType = folder.assetcatalog; path = Assets.xcassets; sourceTree = "<group>"; };
		E1752FD2213A3057000DFE19 /* Base */ = {isa = PBXFileReference; lastKnownFileType = file.storyboard; name = Base; path = Base.lproj/LaunchScreen.storyboard; sourceTree = "<group>"; };
		E1752FD4213A3057000DFE19 /* Info.plist */ = {isa = PBXFileReference; lastKnownFileType = text.plist.xml; path = Info.plist; sourceTree = "<group>"; };
		E1752FD5213A3057000DFE19 /* main.m */ = {isa = PBXFileReference; lastKnownFileType = sourcecode.c.objc; path = main.m; sourceTree = "<group>"; };
		E1A9F38D213CC83B002A1A1F /* InfoViewController.h */ = {isa = PBXFileReference; lastKnownFileType = sourcecode.c.h; path = InfoViewController.h; sourceTree = "<group>"; };
		E1A9F38E213CC83B002A1A1F /* InfoViewController.m */ = {isa = PBXFileReference; lastKnownFileType = sourcecode.c.objc; path = InfoViewController.m; sourceTree = "<group>"; };
		E1FFBCA9213A3B2200267FAA /* Example3.m */ = {isa = PBXFileReference; fileEncoding = 4; lastKnownFileType = sourcecode.c.objc; path = Example3.m; sourceTree = "<group>"; };
		E1FFBCAA213A3B2200267FAA /* Example1.h */ = {isa = PBXFileReference; fileEncoding = 4; lastKnownFileType = sourcecode.c.h; path = Example1.h; sourceTree = "<group>"; };
		E1FFBCAB213A3B2200267FAA /* Example1.m */ = {isa = PBXFileReference; fileEncoding = 4; lastKnownFileType = sourcecode.c.objc; path = Example1.m; sourceTree = "<group>"; };
		E1FFBCAC213A3B2300267FAA /* ClickThroughRatesViewController.m */ = {isa = PBXFileReference; fileEncoding = 4; lastKnownFileType = sourcecode.c.objc; path = ClickThroughRatesViewController.m; sourceTree = "<group>"; };
		E1FFBCAD213A3B2300267FAA /* GraphCalcViewController.m */ = {isa = PBXFileReference; fileEncoding = 4; lastKnownFileType = sourcecode.c.objc; path = GraphCalcViewController.m; sourceTree = "<group>"; };
		E1FFBCAE213A3B2300267FAA /* Example3.h */ = {isa = PBXFileReference; fileEncoding = 4; lastKnownFileType = sourcecode.c.h; path = Example3.h; sourceTree = "<group>"; };
		E1FFBCAF213A3B2300267FAA /* Example2.m */ = {isa = PBXFileReference; fileEncoding = 4; lastKnownFileType = sourcecode.c.objc; path = Example2.m; sourceTree = "<group>"; };
		E1FFBCB0213A3B2300267FAA /* Example2.h */ = {isa = PBXFileReference; fileEncoding = 4; lastKnownFileType = sourcecode.c.h; path = Example2.h; sourceTree = "<group>"; };
		E1FFBCB1213A3B2300267FAA /* GraphCalcViewController.h */ = {isa = PBXFileReference; fileEncoding = 4; lastKnownFileType = sourcecode.c.h; path = GraphCalcViewController.h; sourceTree = "<group>"; };
		E1FFBCB2213A3B2300267FAA /* Shapes.h */ = {isa = PBXFileReference; fileEncoding = 4; lastKnownFileType = sourcecode.c.h; path = Shapes.h; sourceTree = "<group>"; };
		E1FFBCB3213A3B2300267FAA /* Example4.m */ = {isa = PBXFileReference; fileEncoding = 4; lastKnownFileType = sourcecode.c.objc; path = Example4.m; sourceTree = "<group>"; };
		E1FFBCB4213A3B2300267FAA /* Example4.h */ = {isa = PBXFileReference; fileEncoding = 4; lastKnownFileType = sourcecode.c.h; path = Example4.h; sourceTree = "<group>"; };
		E1FFBCB5213A3B2300267FAA /* FRD3DBarChartViewController+Easing.h */ = {isa = PBXFileReference; fileEncoding = 4; lastKnownFileType = sourcecode.c.h; path = "FRD3DBarChartViewController+Easing.h"; sourceTree = "<group>"; };
		E1FFBCB6213A3B2300267FAA /* ClickThroughRatesViewController.h */ = {isa = PBXFileReference; fileEncoding = 4; lastKnownFileType = sourcecode.c.h; path = ClickThroughRatesViewController.h; sourceTree = "<group>"; };
		E1FFBCB7213A3B2300267FAA /* FRD3DBarChartViewController+Easing.m */ = {isa = PBXFileReference; fileEncoding = 4; lastKnownFileType = sourcecode.c.objc; path = "FRD3DBarChartViewController+Easing.m"; sourceTree = "<group>"; };
		E1FFBCC1213A3C1300267FAA /* Default-568h@2x.png */ = {isa = PBXFileReference; lastKnownFileType = image.png; path = "Default-568h@2x.png"; sourceTree = "<group>"; };
/* End PBXFileReference section */

/* Begin PBXFrameworksBuildPhase section */
		E1752FBD213A3056000DFE19 /* Frameworks */ = {
			isa = PBXFrameworksBuildPhase;
			buildActionMask = 2147483647;
			files = (
			);
			runOnlyForDeploymentPostprocessing = 0;
		};
/* End PBXFrameworksBuildPhase section */

/* Begin PBXGroup section */
		E1752FB7213A3056000DFE19 = {
			isa = PBXGroup;
			children = (
				E1FFBCC1213A3C1300267FAA /* Default-568h@2x.png */,
				E1752FC2213A3056000DFE19 /* FRD3DBarChart */,
				E1752FC1213A3056000DFE19 /* Products */,
			);
			sourceTree = "<group>";
		};
		E1752FC1213A3056000DFE19 /* Products */ = {
			isa = PBXGroup;
			children = (
				E1752FC0213A3056000DFE19 /* FRD3DBarChart.app */,
			);
			name = Products;
			sourceTree = "<group>";
		};
		E1752FC2213A3056000DFE19 /* FRD3DBarChart */ = {
			isa = PBXGroup;
			children = (
				E1752FC3213A3056000DFE19 /* AppDelegate.h */,
				E1752FC4213A3057000DFE19 /* AppDelegate.m */,
				E1752FCF213A3057000DFE19 /* Assets.xcassets */,
				E1FFBCC0213A3BAE00267FAA /* ChartControl */,
				E1FFBCB6213A3B2300267FAA /* ClickThroughRatesViewController.h */,
				E1FFBCAC213A3B2300267FAA /* ClickThroughRatesViewController.m */,
				E1FFBCBF213A3B7500267FAA /* ExampleDelegates */,
				E1FFBCB1213A3B2300267FAA /* GraphCalcViewController.h */,
				E1FFBCAD213A3B2300267FAA /* GraphCalcViewController.m */,
				E1752FD4213A3057000DFE19 /* Info.plist */,
				E1A9F38D213CC83B002A1A1F /* InfoViewController.h */,
				E1A9F38E213CC83B002A1A1F /* InfoViewController.m */,
				E1752FD1213A3057000DFE19 /* LaunchScreen.storyboard */,
				E1752FD5213A3057000DFE19 /* main.m */,
				E1752FCC213A3057000DFE19 /* Main.storyboard */,
				E1752FC6213A3057000DFE19 /* MainViewController.h */,
				E1752FC7213A3057000DFE19 /* MainViewController.m */,
			);
			path = FRD3DBarChart;
			sourceTree = "<group>";
		};
		E1FFBCBF213A3B7500267FAA /* ExampleDelegates */ = {
			isa = PBXGroup;
			children = (
				E1FFBCAA213A3B2200267FAA /* Example1.h */,
				E1FFBCAB213A3B2200267FAA /* Example1.m */,
				E1FFBCB0213A3B2300267FAA /* Example2.h */,
				E1FFBCAF213A3B2300267FAA /* Example2.m */,
				E1FFBCAE213A3B2300267FAA /* Example3.h */,
				E1FFBCA9213A3B2200267FAA /* Example3.m */,
				E1FFBCB4213A3B2300267FAA /* Example4.h */,
				E1FFBCB3213A3B2300267FAA /* Example4.m */,
			);
			path = ExampleDelegates;
			sourceTree = "<group>";
		};
		E1FFBCC0213A3BAE00267FAA /* ChartControl */ = {
			isa = PBXGroup;
			children = (
				E1752FC9213A3057000DFE19 /* FRD3DBarChartViewController.h */,
				E1752FCA213A3057000DFE19 /* FRD3DBarChartViewController.m */,
				E1FFBCB5213A3B2300267FAA /* FRD3DBarChartViewController+Easing.h */,
				E1FFBCB7213A3B2300267FAA /* FRD3DBarChartViewController+Easing.m */,
				E1FFBCB2213A3B2300267FAA /* Shapes.h */,
			);
			path = ChartControl;
			sourceTree = "<group>";
		};
/* End PBXGroup section */

/* Begin PBXNativeTarget section */
		E1752FBF213A3056000DFE19 /* FRD3DBarChart */ = {
			isa = PBXNativeTarget;
			buildConfigurationList = E1752FD9213A3057000DFE19 /* Build configuration list for PBXNativeTarget "FRD3DBarChart" */;
			buildPhases = (
				E1752FBC213A3056000DFE19 /* Sources */,
				E1752FBD213A3056000DFE19 /* Frameworks */,
				E1752FBE213A3056000DFE19 /* Resources */,
			);
			buildRules = (
			);
			dependencies = (
			);
			name = FRD3DBarChart;
			productName = FRD3DBarChart;
			productReference = E1752FC0213A3056000DFE19 /* FRD3DBarChart.app */;
			productType = "com.apple.product-type.application";
		};
/* End PBXNativeTarget section */

/* Begin PBXProject section */
		E1752FB8213A3056000DFE19 /* Project object */ = {
			isa = PBXProject;
			attributes = {
				LastUpgradeCheck = 0940;
				ORGANIZATIONNAME = "Sebastien Windal";
				TargetAttributes = {
					E1752FBF213A3056000DFE19 = {
						CreatedOnToolsVersion = 9.4.1;
					};
				};
			};
			buildConfigurationList = E1752FBB213A3056000DFE19 /* Build configuration list for PBXProject "FRD3DBarChart" */;
			compatibilityVersion = "Xcode 9.3";
			developmentRegion = en;
			hasScannedForEncodings = 0;
			knownRegions = (
				en,
				Base,
			);
			mainGroup = E1752FB7213A3056000DFE19;
			productRefGroup = E1752FC1213A3056000DFE19 /* Products */;
			projectDirPath = "";
			projectRoot = "";
			targets = (
				E1752FBF213A3056000DFE19 /* FRD3DBarChart */,
			);
		};
/* End PBXProject section */

/* Begin PBXResourcesBuildPhase section */
		E1752FBE213A3056000DFE19 /* Resources */ = {
			isa = PBXResourcesBuildPhase;
			buildActionMask = 2147483647;
			files = (
				E1752FD3213A3057000DFE19 /* LaunchScreen.storyboard in Resources */,
				E1FFBCC2213A3C1300267FAA /* Default-568h@2x.png in Resources */,
				E1752FD0213A3057000DFE19 /* Assets.xcassets in Resources */,
				E1752FCE213A3057000DFE19 /* Main.storyboard in Resources */,
			);
			runOnlyForDeploymentPostprocessing = 0;
		};
/* End PBXResourcesBuildPhase section */

/* Begin PBXSourcesBuildPhase section */
		E1752FBC213A3056000DFE19 /* Sources */ = {
			isa = PBXSourcesBuildPhase;
			buildActionMask = 2147483647;
			files = (
				E1FFBCBB213A3B2300267FAA /* GraphCalcViewController.m in Sources */,
				E1FFBCBD213A3B2300267FAA /* Example4.m in Sources */,
				E1A9F38F213CC83B002A1A1F /* InfoViewController.m in Sources */,
				E1752FC8213A3057000DFE19 /* MainViewController.m in Sources */,
				E1FFBCB8213A3B2300267FAA /* Example3.m in Sources */,
				E1752FC5213A3057000DFE19 /* AppDelegate.m in Sources */,
				E1FFBCBE213A3B2300267FAA /* FRD3DBarChartViewController+Easing.m in Sources */,
				E1752FD6213A3057000DFE19 /* main.m in Sources */,
				E1FFBCBA213A3B2300267FAA /* ClickThroughRatesViewController.m in Sources */,
				E1FFBCBC213A3B2300267FAA /* Example2.m in Sources */,
				E1FFBCB9213A3B2300267FAA /* Example1.m in Sources */,
				E1752FCB213A3057000DFE19 /* FRD3DBarChartViewController.m in Sources */,
			);
			runOnlyForDeploymentPostprocessing = 0;
		};
/* End PBXSourcesBuildPhase section */

/* Begin PBXVariantGroup section */
		E1752FCC213A3057000DFE19 /* Main.storyboard */ = {
			isa = PBXVariantGroup;
			children = (
				E1752FCD213A3057000DFE19 /* Base */,
			);
			name = Main.storyboard;
			sourceTree = "<group>";
		};
		E1752FD1213A3057000DFE19 /* LaunchScreen.storyboard */ = {
			isa = PBXVariantGroup;
			children = (
				E1752FD2213A3057000DFE19 /* Base */,
			);
			name = LaunchScreen.storyboard;
			sourceTree = "<group>";
		};
/* End PBXVariantGroup section */

/* Begin XCBuildConfiguration section */
		E1752FD7213A3057000DFE19 /* Debug */ = {
			isa = XCBuildConfiguration;
			buildSettings = {
				ALWAYS_SEARCH_USER_PATHS = NO;
				CLANG_ANALYZER_NONNULL = YES;
				CLANG_ANALYZER_NUMBER_OBJECT_CONVERSION = YES_AGGRESSIVE;
				CLANG_CXX_LANGUAGE_STANDARD = "gnu++14";
				CLANG_CXX_LIBRARY = "libc++";
				CLANG_ENABLE_MODULES = YES;
				CLANG_ENABLE_OBJC_ARC = YES;
				CLANG_ENABLE_OBJC_WEAK = YES;
				CLANG_WARN_BLOCK_CAPTURE_AUTORELEASING = YES;
				CLANG_WARN_BOOL_CONVERSION = YES;
				CLANG_WARN_COMMA = YES;
				CLANG_WARN_CONSTANT_CONVERSION = YES;
				CLANG_WARN_DEPRECATED_OBJC_IMPLEMENTATIONS = YES;
				CLANG_WARN_DIRECT_OBJC_ISA_USAGE = YES_ERROR;
				CLANG_WARN_DOCUMENTATION_COMMENTS = YES;
				CLANG_WARN_EMPTY_BODY = YES;
				CLANG_WARN_ENUM_CONVERSION = YES;
				CLANG_WARN_INFINITE_RECURSION = YES;
				CLANG_WARN_INT_CONVERSION = YES;
				CLANG_WARN_NON_LITERAL_NULL_CONVERSION = YES;
				CLANG_WARN_OBJC_IMPLICIT_RETAIN_SELF = YES;
				CLANG_WARN_OBJC_LITERAL_CONVERSION = YES;
				CLANG_WARN_OBJC_ROOT_CLASS = YES_ERROR;
				CLANG_WARN_RANGE_LOOP_ANALYSIS = YES;
				CLANG_WARN_STRICT_PROTOTYPES = YES;
				CLANG_WARN_SUSPICIOUS_MOVE = YES;
				CLANG_WARN_UNGUARDED_AVAILABILITY = YES_AGGRESSIVE;
				CLANG_WARN_UNREACHABLE_CODE = YES;
				CLANG_WARN__DUPLICATE_METHOD_MATCH = YES;
				CODE_SIGN_IDENTITY = "iPhone Developer";
				COPY_PHASE_STRIP = NO;
				DEBUG_INFORMATION_FORMAT = dwarf;
				ENABLE_STRICT_OBJC_MSGSEND = YES;
				ENABLE_TESTABILITY = YES;
				GCC_C_LANGUAGE_STANDARD = gnu11;
				GCC_DYNAMIC_NO_PIC = NO;
				GCC_NO_COMMON_BLOCKS = YES;
				GCC_OPTIMIZATION_LEVEL = 0;
				GCC_PREPROCESSOR_DEFINITIONS = (
					"DEBUG=1",
					"$(inherited)",
				);
				GCC_WARN_64_TO_32_BIT_CONVERSION = YES;
				GCC_WARN_ABOUT_RETURN_TYPE = YES_ERROR;
				GCC_WARN_UNDECLARED_SELECTOR = YES;
				GCC_WARN_UNINITIALIZED_AUTOS = YES_AGGRESSIVE;
				GCC_WARN_UNUSED_FUNCTION = YES;
				GCC_WARN_UNUSED_VARIABLE = YES;
				IPHONEOS_DEPLOYMENT_TARGET = 11.4;
				MTL_ENABLE_DEBUG_INFO = YES;
				ONLY_ACTIVE_ARCH = YES;
				SDKROOT = iphoneos;
			};
			name = Debug;
		};
		E1752FD8213A3057000DFE19 /* Release */ = {
			isa = XCBuildConfiguration;
			buildSettings = {
				ALWAYS_SEARCH_USER_PATHS = NO;
				CLANG_ANALYZER_NONNULL = YES;
				CLANG_ANALYZER_NUMBER_OBJECT_CONVERSION = YES_AGGRESSIVE;
				CLANG_CXX_LANGUAGE_STANDARD = "gnu++14";
				CLANG_CXX_LIBRARY = "libc++";
				CLANG_ENABLE_MODULES = YES;
				CLANG_ENABLE_OBJC_ARC = YES;
				CLANG_ENABLE_OBJC_WEAK = YES;
				CLANG_WARN_BLOCK_CAPTURE_AUTORELEASING = YES;
				CLANG_WARN_BOOL_CONVERSION = YES;
				CLANG_WARN_COMMA = YES;
				CLANG_WARN_CONSTANT_CONVERSION = YES;
				CLANG_WARN_DEPRECATED_OBJC_IMPLEMENTATIONS = YES;
				CLANG_WARN_DIRECT_OBJC_ISA_USAGE = YES_ERROR;
				CLANG_WARN_DOCUMENTATION_COMMENTS = YES;
				CLANG_WARN_EMPTY_BODY = YES;
				CLANG_WARN_ENUM_CONVERSION = YES;
				CLANG_WARN_INFINITE_RECURSION = YES;
				CLANG_WARN_INT_CONVERSION = YES;
				CLANG_WARN_NON_LITERAL_NULL_CONVERSION = YES;
				CLANG_WARN_OBJC_IMPLICIT_RETAIN_SELF = YES;
				CLANG_WARN_OBJC_LITERAL_CONVERSION = YES;
				CLANG_WARN_OBJC_ROOT_CLASS = YES_ERROR;
				CLANG_WARN_RANGE_LOOP_ANALYSIS = YES;
				CLANG_WARN_STRICT_PROTOTYPES = YES;
				CLANG_WARN_SUSPICIOUS_MOVE = YES;
				CLANG_WARN_UNGUARDED_AVAILABILITY = YES_AGGRESSIVE;
				CLANG_WARN_UNREACHABLE_CODE = YES;
				CLANG_WARN__DUPLICATE_METHOD_MATCH = YES;
				CODE_SIGN_IDENTITY = "iPhone Developer";
				COPY_PHASE_STRIP = NO;
				DEBUG_INFORMATION_FORMAT = "dwarf-with-dsym";
				ENABLE_NS_ASSERTIONS = NO;
				ENABLE_STRICT_OBJC_MSGSEND = YES;
				GCC_C_LANGUAGE_STANDARD = gnu11;
				GCC_NO_COMMON_BLOCKS = YES;
				GCC_WARN_64_TO_32_BIT_CONVERSION = YES;
				GCC_WARN_ABOUT_RETURN_TYPE = YES_ERROR;
				GCC_WARN_UNDECLARED_SELECTOR = YES;
				GCC_WARN_UNINITIALIZED_AUTOS = YES_AGGRESSIVE;
				GCC_WARN_UNUSED_FUNCTION = YES;
				GCC_WARN_UNUSED_VARIABLE = YES;
				IPHONEOS_DEPLOYMENT_TARGET = 11.4;
				MTL_ENABLE_DEBUG_INFO = NO;
				SDKROOT = iphoneos;
				VALIDATE_PRODUCT = YES;
			};
			name = Release;
		};
		E1752FDA213A3057000DFE19 /* Debug */ = {
			isa = XCBuildConfiguration;
			buildSettings = {
				ASSETCATALOG_COMPILER_APPICON_NAME = AppIcon;
				CODE_SIGN_STYLE = Automatic;
				INFOPLIST_FILE = FRD3DBarChart/Info.plist;
				IPHONEOS_DEPLOYMENT_TARGET = 9.0;
				LD_RUNPATH_SEARCH_PATHS = (
					"$(inherited)",
					"@executable_path/Frameworks",
				);
				PRODUCT_BUNDLE_IDENTIFIER = com.freerangedevelopers.FRD3DBarChart;
				PRODUCT_NAME = "$(TARGET_NAME)";
				TARGETED_DEVICE_FAMILY = "1,2";
			};
			name = Debug;
		};
		E1752FDB213A3057000DFE19 /* Release */ = {
			isa = XCBuildConfiguration;
			buildSettings = {
				ASSETCATALOG_COMPILER_APPICON_NAME = AppIcon;
				CODE_SIGN_STYLE = Automatic;
				INFOPLIST_FILE = FRD3DBarChart/Info.plist;
				IPHONEOS_DEPLOYMENT_TARGET = 9.0;
				LD_RUNPATH_SEARCH_PATHS = (
					"$(inherited)",
					"@executable_path/Frameworks",
				);
				PRODUCT_BUNDLE_IDENTIFIER = com.freerangedevelopers.FRD3DBarChart;
				PRODUCT_NAME = "$(TARGET_NAME)";
				TARGETED_DEVICE_FAMILY = "1,2";
			};
			name = Release;
		};
/* End XCBuildConfiguration section */

/* Begin XCConfigurationList section */
		E1752FBB213A3056000DFE19 /* Build configuration list for PBXProject "FRD3DBarChart" */ = {
			isa = XCConfigurationList;
			buildConfigurations = (
				E1752FD7213A3057000DFE19 /* Debug */,
				E1752FD8213A3057000DFE19 /* Release */,
			);
			defaultConfigurationIsVisible = 0;
			defaultConfigurationName = Release;
		};
		E1752FD9213A3057000DFE19 /* Build configuration list for PBXNativeTarget "FRD3DBarChart" */ = {
			isa = XCConfigurationList;
			buildConfigurations = (
				E1752FDA213A3057000DFE19 /* Debug */,
				E1752FDB213A3057000DFE19 /* Release */,
			);
			defaultConfigurationIsVisible = 0;
			defaultConfigurationName = Release;
		};
/* End XCConfigurationList section */
	};
	rootObject = E1752FB8213A3056000DFE19 /* Project object */;
}
